// !$*UTF8*$!
{
	archiveVersion = 1;
	classes = {
	};
	objectVersion = 55;
	objects = {

/* Begin PBXBuildFile section */
		C52F9B38298C5B1F006B33FC /* FeedCacheUseCaseTests.swift in Sources */ = {isa = PBXBuildFile; fileRef = C52F9B37298C5B1F006B33FC /* FeedCacheUseCaseTests.swift */; };
		C52F9B3A298C6135006B33FC /* LoadFeedFromRemoteUseCaseTests.swift in Sources */ = {isa = PBXBuildFile; fileRef = C52F9B39298C6135006B33FC /* LoadFeedFromRemoteUseCaseTests.swift */; };
		C5304CE42981C7BB006219B2 /* HTTPClient.swift in Sources */ = {isa = PBXBuildFile; fileRef = C5304CE32981C7BB006219B2 /* HTTPClient.swift */; };
		C5304CE62981C822006219B2 /* FeedItemsMapper.swift in Sources */ = {isa = PBXBuildFile; fileRef = C5304CE52981C822006219B2 /* FeedItemsMapper.swift */; };
		C540C54929831866002BB61E /* HTTPClientTests.swift in Sources */ = {isa = PBXBuildFile; fileRef = C540C54829831866002BB61E /* HTTPClientTests.swift */; };
		C55873DF2989A7F000236C86 /* FeedApiEndToEndTests.swift in Sources */ = {isa = PBXBuildFile; fileRef = C55873DE2989A7F000236C86 /* FeedApiEndToEndTests.swift */; };
		C55B607E2989B64A0096BC0F /* XCTestCase + MemoryLeakTracking.swift in Sources */ = {isa = PBXBuildFile; fileRef = C59B7935298851A3001F9FA1 /* XCTestCase + MemoryLeakTracking.swift */; };
		C55F2654298E96B400E743C6 /* LocalFeedLoader.swift in Sources */ = {isa = PBXBuildFile; fileRef = C55F2653298E96B400E743C6 /* LocalFeedLoader.swift */; };
		C55F2656298E971E00E743C6 /* FeedStore.swift in Sources */ = {isa = PBXBuildFile; fileRef = C55F2655298E971E00E743C6 /* FeedStore.swift */; };
		C55F2658298EBFF500E743C6 /* RemoteFeedItem.swift in Sources */ = {isa = PBXBuildFile; fileRef = C55F2657298EBFF500E743C6 /* RemoteFeedItem.swift */; };
		C55F265A298EC05600E743C6 /* LocalFeedImage.swift in Sources */ = {isa = PBXBuildFile; fileRef = C55F2659298EC05600E743C6 /* LocalFeedImage.swift */; };
		C561280B297DA196005AC278 /* RemoteFeedLoader.swift in Sources */ = {isa = PBXBuildFile; fileRef = C561280A297DA196005AC278 /* RemoteFeedLoader.swift */; };
		C58245A02979EE41005D8559 /* AppDelegate.swift in Sources */ = {isa = PBXBuildFile; fileRef = C582459F2979EE41005D8559 /* AppDelegate.swift */; };
		C58245A22979EE41005D8559 /* ViewController.swift in Sources */ = {isa = PBXBuildFile; fileRef = C58245A12979EE41005D8559 /* ViewController.swift */; };
		C58245A42979EE48005D8559 /* Assets.xcassets in Resources */ = {isa = PBXBuildFile; fileRef = C58245A32979EE48005D8559 /* Assets.xcassets */; };
		C58245A72979EE48005D8559 /* Main.storyboard in Resources */ = {isa = PBXBuildFile; fileRef = C58245A52979EE48005D8559 /* Main.storyboard */; };
		C58245AF2979EE89005D8559 /* FeedImage.swift in Sources */ = {isa = PBXBuildFile; fileRef = C58245AE2979EE89005D8559 /* FeedImage.swift */; };
		C58245B12979EF1F005D8559 /* FeedLoader.swift in Sources */ = {isa = PBXBuildFile; fileRef = C58245B02979EF1F005D8559 /* FeedLoader.swift */; };
		C5874A10299583E100198EFD /* CodableFeedStoreTests.swift in Sources */ = {isa = PBXBuildFile; fileRef = C5874A0F299583E100198EFD /* CodableFeedStoreTests.swift */; };
		C59B7936298851A3001F9FA1 /* XCTestCase + MemoryLeakTracking.swift in Sources */ = {isa = PBXBuildFile; fileRef = C59B7935298851A3001F9FA1 /* XCTestCase + MemoryLeakTracking.swift */; };
		C59B793829886869001F9FA1 /* URLSessionHTTPClient.swift in Sources */ = {isa = PBXBuildFile; fileRef = C59B793729886869001F9FA1 /* URLSessionHTTPClient.swift */; };
		C5A5365D29980351008ED952 /* CodableFeedStore.swift in Sources */ = {isa = PBXBuildFile; fileRef = C5A5365C29980351008ED952 /* CodableFeedStore.swift */; };
		C5C68EF62992F42A00860325 /* FeedCachePolicy.swift in Sources */ = {isa = PBXBuildFile; fileRef = C5C68EF52992F42A00860325 /* FeedCachePolicy.swift */; };
		C5F5A713298EF62A00170A43 /* LoadFeedFromCacheUseCaseTests.swift in Sources */ = {isa = PBXBuildFile; fileRef = C5F5A712298EF62A00170A43 /* LoadFeedFromCacheUseCaseTests.swift */; };
		C5F5A716298EF7A300170A43 /* FeedStoreSpy.swift in Sources */ = {isa = PBXBuildFile; fileRef = C5F5A715298EF7A300170A43 /* FeedStoreSpy.swift */; };
		C5F87A3B2990258200FE209C /* ValidateFeedCacheUseCaseTests.swift in Sources */ = {isa = PBXBuildFile; fileRef = C5F87A3A2990258200FE209C /* ValidateFeedCacheUseCaseTests.swift */; };
		C5F87A3D29902AD700FE209C /* FeedCacheHelpers.swift in Sources */ = {isa = PBXBuildFile; fileRef = C5F87A3C29902AD700FE209C /* FeedCacheHelpers.swift */; };
		C5F87A4029902D8D00FE209C /* SharedTestHelpers.swift in Sources */ = {isa = PBXBuildFile; fileRef = C5F87A3F29902D8D00FE209C /* SharedTestHelpers.swift */; };
/* End PBXBuildFile section */

/* Begin PBXContainerItemProxy section */
		C55873E02989A7F000236C86 /* PBXContainerItemProxy */ = {
			isa = PBXContainerItemProxy;
			containerPortal = C58245942979EE41005D8559 /* Project object */;
			proxyType = 1;
			remoteGlobalIDString = C582459B2979EE41005D8559;
			remoteInfo = Feed;
		};
		C5612804297D3B78005AC278 /* PBXContainerItemProxy */ = {
			isa = PBXContainerItemProxy;
			containerPortal = C58245942979EE41005D8559 /* Project object */;
			proxyType = 1;
			remoteGlobalIDString = C582459B2979EE41005D8559;
			remoteInfo = Feed;
		};
/* End PBXContainerItemProxy section */

/* Begin PBXFileReference section */
		C52F9B37298C5B1F006B33FC /* FeedCacheUseCaseTests.swift */ = {isa = PBXFileReference; lastKnownFileType = sourcecode.swift; path = FeedCacheUseCaseTests.swift; sourceTree = "<group>"; };
		C52F9B39298C6135006B33FC /* LoadFeedFromRemoteUseCaseTests.swift */ = {isa = PBXFileReference; lastKnownFileType = sourcecode.swift; path = LoadFeedFromRemoteUseCaseTests.swift; sourceTree = "<group>"; };
		C5304CE32981C7BB006219B2 /* HTTPClient.swift */ = {isa = PBXFileReference; lastKnownFileType = sourcecode.swift; path = HTTPClient.swift; sourceTree = "<group>"; };
		C5304CE52981C822006219B2 /* FeedItemsMapper.swift */ = {isa = PBXFileReference; lastKnownFileType = sourcecode.swift; path = FeedItemsMapper.swift; sourceTree = "<group>"; };
		C540C54829831866002BB61E /* HTTPClientTests.swift */ = {isa = PBXFileReference; lastKnownFileType = sourcecode.swift; path = HTTPClientTests.swift; sourceTree = "<group>"; };
		C55873DC2989A7F000236C86 /* FeedApiEndToEndTests.xctest */ = {isa = PBXFileReference; explicitFileType = wrapper.cfbundle; includeInIndex = 0; path = FeedApiEndToEndTests.xctest; sourceTree = BUILT_PRODUCTS_DIR; };
		C55873DE2989A7F000236C86 /* FeedApiEndToEndTests.swift */ = {isa = PBXFileReference; lastKnownFileType = sourcecode.swift; path = FeedApiEndToEndTests.swift; sourceTree = "<group>"; };
		C55B607D2989AFE20096BC0F /* Info.plist */ = {isa = PBXFileReference; lastKnownFileType = text.plist; path = Info.plist; sourceTree = "<group>"; };
		C55F2653298E96B400E743C6 /* LocalFeedLoader.swift */ = {isa = PBXFileReference; lastKnownFileType = sourcecode.swift; path = LocalFeedLoader.swift; sourceTree = "<group>"; };
		C55F2655298E971E00E743C6 /* FeedStore.swift */ = {isa = PBXFileReference; lastKnownFileType = sourcecode.swift; path = FeedStore.swift; sourceTree = "<group>"; };
		C55F2657298EBFF500E743C6 /* RemoteFeedItem.swift */ = {isa = PBXFileReference; lastKnownFileType = sourcecode.swift; path = RemoteFeedItem.swift; sourceTree = "<group>"; };
		C55F2659298EC05600E743C6 /* LocalFeedImage.swift */ = {isa = PBXFileReference; lastKnownFileType = sourcecode.swift; path = LocalFeedImage.swift; sourceTree = "<group>"; };
		C5612800297D3B78005AC278 /* FeedTests.xctest */ = {isa = PBXFileReference; explicitFileType = wrapper.cfbundle; includeInIndex = 0; path = FeedTests.xctest; sourceTree = BUILT_PRODUCTS_DIR; };
		C561280A297DA196005AC278 /* RemoteFeedLoader.swift */ = {isa = PBXFileReference; lastKnownFileType = sourcecode.swift; path = RemoteFeedLoader.swift; sourceTree = "<group>"; };
		C582459C2979EE41005D8559 /* Feed.app */ = {isa = PBXFileReference; explicitFileType = wrapper.application; includeInIndex = 0; path = Feed.app; sourceTree = BUILT_PRODUCTS_DIR; };
		C582459F2979EE41005D8559 /* AppDelegate.swift */ = {isa = PBXFileReference; lastKnownFileType = sourcecode.swift; path = AppDelegate.swift; sourceTree = "<group>"; };
		C58245A12979EE41005D8559 /* ViewController.swift */ = {isa = PBXFileReference; lastKnownFileType = sourcecode.swift; path = ViewController.swift; sourceTree = "<group>"; };
		C58245A32979EE48005D8559 /* Assets.xcassets */ = {isa = PBXFileReference; lastKnownFileType = folder.assetcatalog; path = Assets.xcassets; sourceTree = "<group>"; };
		C58245A62979EE48005D8559 /* Base */ = {isa = PBXFileReference; lastKnownFileType = file.storyboard; name = Base; path = Base.lproj/Main.storyboard; sourceTree = "<group>"; };
		C58245A82979EE48005D8559 /* Feed.entitlements */ = {isa = PBXFileReference; lastKnownFileType = text.plist.entitlements; path = Feed.entitlements; sourceTree = "<group>"; };
		C58245AE2979EE89005D8559 /* FeedImage.swift */ = {isa = PBXFileReference; lastKnownFileType = sourcecode.swift; path = FeedImage.swift; sourceTree = "<group>"; };
		C58245B02979EF1F005D8559 /* FeedLoader.swift */ = {isa = PBXFileReference; lastKnownFileType = sourcecode.swift; path = FeedLoader.swift; sourceTree = "<group>"; };
		C5874A0F299583E100198EFD /* CodableFeedStoreTests.swift */ = {isa = PBXFileReference; lastKnownFileType = sourcecode.swift; path = CodableFeedStoreTests.swift; sourceTree = "<group>"; };
		C59B7935298851A3001F9FA1 /* XCTestCase + MemoryLeakTracking.swift */ = {isa = PBXFileReference; lastKnownFileType = sourcecode.swift; path = "XCTestCase + MemoryLeakTracking.swift"; sourceTree = "<group>"; };
		C59B793729886869001F9FA1 /* URLSessionHTTPClient.swift */ = {isa = PBXFileReference; lastKnownFileType = sourcecode.swift; path = URLSessionHTTPClient.swift; sourceTree = "<group>"; };
		C5A5365C29980351008ED952 /* CodableFeedStore.swift */ = {isa = PBXFileReference; lastKnownFileType = sourcecode.swift; path = CodableFeedStore.swift; sourceTree = "<group>"; };
		C5C68EF52992F42A00860325 /* FeedCachePolicy.swift */ = {isa = PBXFileReference; lastKnownFileType = sourcecode.swift; path = FeedCachePolicy.swift; sourceTree = "<group>"; };
		C5F5A712298EF62A00170A43 /* LoadFeedFromCacheUseCaseTests.swift */ = {isa = PBXFileReference; lastKnownFileType = sourcecode.swift; path = LoadFeedFromCacheUseCaseTests.swift; sourceTree = "<group>"; };
		C5F5A715298EF7A300170A43 /* FeedStoreSpy.swift */ = {isa = PBXFileReference; lastKnownFileType = sourcecode.swift; path = FeedStoreSpy.swift; sourceTree = "<group>"; };
		C5F87A3A2990258200FE209C /* ValidateFeedCacheUseCaseTests.swift */ = {isa = PBXFileReference; lastKnownFileType = sourcecode.swift; path = ValidateFeedCacheUseCaseTests.swift; sourceTree = "<group>"; };
		C5F87A3C29902AD700FE209C /* FeedCacheHelpers.swift */ = {isa = PBXFileReference; lastKnownFileType = sourcecode.swift; path = FeedCacheHelpers.swift; sourceTree = "<group>"; };
		C5F87A3F29902D8D00FE209C /* SharedTestHelpers.swift */ = {isa = PBXFileReference; lastKnownFileType = sourcecode.swift; path = SharedTestHelpers.swift; sourceTree = "<group>"; };
/* End PBXFileReference section */

/* Begin PBXFrameworksBuildPhase section */
		C55873D92989A7F000236C86 /* Frameworks */ = {
			isa = PBXFrameworksBuildPhase;
			buildActionMask = 2147483647;
			files = (
			);
			runOnlyForDeploymentPostprocessing = 0;
		};
		C56127FD297D3B78005AC278 /* Frameworks */ = {
			isa = PBXFrameworksBuildPhase;
			buildActionMask = 2147483647;
			files = (
			);
			runOnlyForDeploymentPostprocessing = 0;
		};
		C58245992979EE41005D8559 /* Frameworks */ = {
			isa = PBXFrameworksBuildPhase;
			buildActionMask = 2147483647;
			files = (
			);
			runOnlyForDeploymentPostprocessing = 0;
		};
/* End PBXFrameworksBuildPhase section */

/* Begin PBXGroup section */
		C52F9B36298C5AEB006B33FC /* FeedCache */ = {
			isa = PBXGroup;
			children = (
				C5F5A714298EF79100170A43 /* Helpers */,
				C52F9B37298C5B1F006B33FC /* FeedCacheUseCaseTests.swift */,
				C5F5A712298EF62A00170A43 /* LoadFeedFromCacheUseCaseTests.swift */,
				C5F87A3A2990258200FE209C /* ValidateFeedCacheUseCaseTests.swift */,
			);
			path = FeedCache;
			sourceTree = "<group>";
		};
		C540C54729831841002BB61E /* FeedAPI */ = {
			isa = PBXGroup;
			children = (
				C540C54829831866002BB61E /* HTTPClientTests.swift */,
				C52F9B39298C6135006B33FC /* LoadFeedFromRemoteUseCaseTests.swift */,
			);
			path = FeedAPI;
			sourceTree = "<group>";
		};
		C55873DD2989A7F000236C86 /* FeedApiEndToEndTests */ = {
			isa = PBXGroup;
			children = (
				C55873DE2989A7F000236C86 /* FeedApiEndToEndTests.swift */,
			);
			path = FeedApiEndToEndTests;
			sourceTree = "<group>";
		};
		C55F2652298E969700E743C6 /* FeedCache */ = {
			isa = PBXGroup;
			children = (
				C55F2653298E96B400E743C6 /* LocalFeedLoader.swift */,
				C55F2655298E971E00E743C6 /* FeedStore.swift */,
				C55F2659298EC05600E743C6 /* LocalFeedImage.swift */,
				C5C68EF52992F42A00860325 /* FeedCachePolicy.swift */,
				C5A5365C29980351008ED952 /* CodableFeedStore.swift */,
			);
			path = FeedCache;
			sourceTree = "<group>";
		};
		C5612801297D3B78005AC278 /* FeedTests */ = {
			isa = PBXGroup;
			children = (
				C5F87A3E29902D5600FE209C /* Helpers */,
				C52F9B36298C5AEB006B33FC /* FeedCache */,
				C540C54729831841002BB61E /* FeedAPI */,
			);
			path = FeedTests;
			sourceTree = "<group>";
		};
		C5612809297DA169005AC278 /* FeedAPI */ = {
			isa = PBXGroup;
			children = (
				C561280A297DA196005AC278 /* RemoteFeedLoader.swift */,
				C5304CE32981C7BB006219B2 /* HTTPClient.swift */,
				C5304CE52981C822006219B2 /* FeedItemsMapper.swift */,
				C59B793729886869001F9FA1 /* URLSessionHTTPClient.swift */,
				C55F2657298EBFF500E743C6 /* RemoteFeedItem.swift */,
			);
			path = FeedAPI;
			sourceTree = "<group>";
		};
		C58245932979EE41005D8559 = {
			isa = PBXGroup;
			children = (
				C582459E2979EE41005D8559 /* Feed */,
				C5612801297D3B78005AC278 /* FeedTests */,
				C55873DD2989A7F000236C86 /* FeedApiEndToEndTests */,
				C582459D2979EE41005D8559 /* Products */,
			);
			sourceTree = "<group>";
		};
		C582459D2979EE41005D8559 /* Products */ = {
			isa = PBXGroup;
			children = (
				C582459C2979EE41005D8559 /* Feed.app */,
				C5612800297D3B78005AC278 /* FeedTests.xctest */,
				C55873DC2989A7F000236C86 /* FeedApiEndToEndTests.xctest */,
			);
			name = Products;
			sourceTree = "<group>";
		};
		C582459E2979EE41005D8559 /* Feed */ = {
			isa = PBXGroup;
			children = (
				C55B607D2989AFE20096BC0F /* Info.plist */,
				C55F2652298E969700E743C6 /* FeedCache */,
				C5612809297DA169005AC278 /* FeedAPI */,
				C582459F2979EE41005D8559 /* AppDelegate.swift */,
				C58245A12979EE41005D8559 /* ViewController.swift */,
				C58245A32979EE48005D8559 /* Assets.xcassets */,
				C58245A52979EE48005D8559 /* Main.storyboard */,
				C58245A82979EE48005D8559 /* Feed.entitlements */,
				C58245B22979F051005D8559 /* FeedFeature */,
			);
			path = Feed;
			sourceTree = "<group>";
		};
		C58245B22979F051005D8559 /* FeedFeature */ = {
			isa = PBXGroup;
			children = (
				C58245B02979EF1F005D8559 /* FeedLoader.swift */,
				C58245AE2979EE89005D8559 /* FeedImage.swift */,
			);
			path = FeedFeature;
			sourceTree = "<group>";
		};
		C5F5A714298EF79100170A43 /* Helpers */ = {
			isa = PBXGroup;
			children = (
				C5F5A715298EF7A300170A43 /* FeedStoreSpy.swift */,
				C5F87A3C29902AD700FE209C /* FeedCacheHelpers.swift */,
				C5874A0F299583E100198EFD /* CodableFeedStoreTests.swift */,
			);
			path = Helpers;
			sourceTree = "<group>";
		};
		C5F87A3E29902D5600FE209C /* Helpers */ = {
			isa = PBXGroup;
			children = (
				C59B7935298851A3001F9FA1 /* XCTestCase + MemoryLeakTracking.swift */,
				C5F87A3F29902D8D00FE209C /* SharedTestHelpers.swift */,
			);
			path = Helpers;
			sourceTree = "<group>";
		};
/* End PBXGroup section */

/* Begin PBXNativeTarget section */
		C55873DB2989A7F000236C86 /* FeedApiEndToEndTests */ = {
			isa = PBXNativeTarget;
			buildConfigurationList = C55873E42989A7F000236C86 /* Build configuration list for PBXNativeTarget "FeedApiEndToEndTests" */;
			buildPhases = (
				C55873D82989A7F000236C86 /* Sources */,
				C55873D92989A7F000236C86 /* Frameworks */,
				C55873DA2989A7F000236C86 /* Resources */,
			);
			buildRules = (
			);
			dependencies = (
				C55873E12989A7F000236C86 /* PBXTargetDependency */,
			);
			name = FeedApiEndToEndTests;
			productName = FeedApiEndToEndTests;
			productReference = C55873DC2989A7F000236C86 /* FeedApiEndToEndTests.xctest */;
			productType = "com.apple.product-type.bundle.unit-test";
		};
		C56127FF297D3B78005AC278 /* FeedTests */ = {
			isa = PBXNativeTarget;
			buildConfigurationList = C5612808297D3B78005AC278 /* Build configuration list for PBXNativeTarget "FeedTests" */;
			buildPhases = (
				C56127FC297D3B78005AC278 /* Sources */,
				C56127FD297D3B78005AC278 /* Frameworks */,
				C56127FE297D3B78005AC278 /* Resources */,
			);
			buildRules = (
			);
			dependencies = (
				C5612805297D3B78005AC278 /* PBXTargetDependency */,
			);
			name = FeedTests;
			productName = FeedTests;
			productReference = C5612800297D3B78005AC278 /* FeedTests.xctest */;
			productType = "com.apple.product-type.bundle.unit-test";
		};
		C582459B2979EE41005D8559 /* Feed */ = {
			isa = PBXNativeTarget;
			buildConfigurationList = C58245AB2979EE48005D8559 /* Build configuration list for PBXNativeTarget "Feed" */;
			buildPhases = (
				C58245982979EE41005D8559 /* Sources */,
				C58245992979EE41005D8559 /* Frameworks */,
				C582459A2979EE41005D8559 /* Resources */,
			);
			buildRules = (
			);
			dependencies = (
			);
			name = Feed;
			productName = Feed;
			productReference = C582459C2979EE41005D8559 /* Feed.app */;
			productType = "com.apple.product-type.application";
		};
/* End PBXNativeTarget section */

/* Begin PBXProject section */
		C58245942979EE41005D8559 /* Project object */ = {
			isa = PBXProject;
			attributes = {
				BuildIndependentTargetsInParallel = 1;
				LastSwiftUpdateCheck = 1320;
				LastUpgradeCheck = 1320;
				TargetAttributes = {
					C55873DB2989A7F000236C86 = {
						CreatedOnToolsVersion = 13.2.1;
						TestTargetID = C582459B2979EE41005D8559;
					};
					C56127FF297D3B78005AC278 = {
						CreatedOnToolsVersion = 13.2.1;
						TestTargetID = C582459B2979EE41005D8559;
					};
					C582459B2979EE41005D8559 = {
						CreatedOnToolsVersion = 13.2.1;
					};
				};
			};
			buildConfigurationList = C58245972979EE41005D8559 /* Build configuration list for PBXProject "Feed" */;
			compatibilityVersion = "Xcode 13.0";
			developmentRegion = en;
			hasScannedForEncodings = 0;
			knownRegions = (
				en,
				Base,
			);
			mainGroup = C58245932979EE41005D8559;
			productRefGroup = C582459D2979EE41005D8559 /* Products */;
			projectDirPath = "";
			projectRoot = "";
			targets = (
				C582459B2979EE41005D8559 /* Feed */,
				C56127FF297D3B78005AC278 /* FeedTests */,
				C55873DB2989A7F000236C86 /* FeedApiEndToEndTests */,
			);
		};
/* End PBXProject section */

/* Begin PBXResourcesBuildPhase section */
		C55873DA2989A7F000236C86 /* Resources */ = {
			isa = PBXResourcesBuildPhase;
			buildActionMask = 2147483647;
			files = (
			);
			runOnlyForDeploymentPostprocessing = 0;
		};
		C56127FE297D3B78005AC278 /* Resources */ = {
			isa = PBXResourcesBuildPhase;
			buildActionMask = 2147483647;
			files = (
			);
			runOnlyForDeploymentPostprocessing = 0;
		};
		C582459A2979EE41005D8559 /* Resources */ = {
			isa = PBXResourcesBuildPhase;
			buildActionMask = 2147483647;
			files = (
				C58245A42979EE48005D8559 /* Assets.xcassets in Resources */,
				C58245A72979EE48005D8559 /* Main.storyboard in Resources */,
			);
			runOnlyForDeploymentPostprocessing = 0;
		};
/* End PBXResourcesBuildPhase section */

/* Begin PBXSourcesBuildPhase section */
		C55873D82989A7F000236C86 /* Sources */ = {
			isa = PBXSourcesBuildPhase;
			buildActionMask = 2147483647;
			files = (
				C55873DF2989A7F000236C86 /* FeedApiEndToEndTests.swift in Sources */,
				C55B607E2989B64A0096BC0F /* XCTestCase + MemoryLeakTracking.swift in Sources */,
			);
			runOnlyForDeploymentPostprocessing = 0;
		};
		C56127FC297D3B78005AC278 /* Sources */ = {
			isa = PBXSourcesBuildPhase;
			buildActionMask = 2147483647;
			files = (
				C5874A10299583E100198EFD /* CodableFeedStoreTests.swift in Sources */,
				C5F87A3B2990258200FE209C /* ValidateFeedCacheUseCaseTests.swift in Sources */,
				C540C54929831866002BB61E /* HTTPClientTests.swift in Sources */,
				C52F9B38298C5B1F006B33FC /* FeedCacheUseCaseTests.swift in Sources */,
				C5F5A716298EF7A300170A43 /* FeedStoreSpy.swift in Sources */,
				C5F87A3D29902AD700FE209C /* FeedCacheHelpers.swift in Sources */,
				C5F87A4029902D8D00FE209C /* SharedTestHelpers.swift in Sources */,
				C59B7936298851A3001F9FA1 /* XCTestCase + MemoryLeakTracking.swift in Sources */,
				C5F5A713298EF62A00170A43 /* LoadFeedFromCacheUseCaseTests.swift in Sources */,
				C52F9B3A298C6135006B33FC /* LoadFeedFromRemoteUseCaseTests.swift in Sources */,
			);
			runOnlyForDeploymentPostprocessing = 0;
		};
		C58245982979EE41005D8559 /* Sources */ = {
			isa = PBXSourcesBuildPhase;
			buildActionMask = 2147483647;
			files = (
				C58245A22979EE41005D8559 /* ViewController.swift in Sources */,
				C5C68EF62992F42A00860325 /* FeedCachePolicy.swift in Sources */,
				C58245A02979EE41005D8559 /* AppDelegate.swift in Sources */,
				C5304CE42981C7BB006219B2 /* HTTPClient.swift in Sources */,
				C55F2654298E96B400E743C6 /* LocalFeedLoader.swift in Sources */,
				C55F265A298EC05600E743C6 /* LocalFeedImage.swift in Sources */,
				C59B793829886869001F9FA1 /* URLSessionHTTPClient.swift in Sources */,
				C55F2656298E971E00E743C6 /* FeedStore.swift in Sources */,
				C5A5365D29980351008ED952 /* CodableFeedStore.swift in Sources */,
				C5304CE62981C822006219B2 /* FeedItemsMapper.swift in Sources */,
				C58245B12979EF1F005D8559 /* FeedLoader.swift in Sources */,
				C561280B297DA196005AC278 /* RemoteFeedLoader.swift in Sources */,
				C55F2658298EBFF500E743C6 /* RemoteFeedItem.swift in Sources */,
				C58245AF2979EE89005D8559 /* FeedImage.swift in Sources */,
			);
			runOnlyForDeploymentPostprocessing = 0;
		};
/* End PBXSourcesBuildPhase section */

/* Begin PBXTargetDependency section */
		C55873E12989A7F000236C86 /* PBXTargetDependency */ = {
			isa = PBXTargetDependency;
			target = C582459B2979EE41005D8559 /* Feed */;
			targetProxy = C55873E02989A7F000236C86 /* PBXContainerItemProxy */;
		};
		C5612805297D3B78005AC278 /* PBXTargetDependency */ = {
			isa = PBXTargetDependency;
			target = C582459B2979EE41005D8559 /* Feed */;
			targetProxy = C5612804297D3B78005AC278 /* PBXContainerItemProxy */;
		};
/* End PBXTargetDependency section */

/* Begin PBXVariantGroup section */
		C58245A52979EE48005D8559 /* Main.storyboard */ = {
			isa = PBXVariantGroup;
			children = (
				C58245A62979EE48005D8559 /* Base */,
			);
			name = Main.storyboard;
			sourceTree = "<group>";
		};
/* End PBXVariantGroup section */

/* Begin XCBuildConfiguration section */
		C55873E22989A7F000236C86 /* Debug */ = {
			isa = XCBuildConfiguration;
			buildSettings = {
				BUNDLE_LOADER = "$(TEST_HOST)";
				CODE_SIGN_STYLE = Automatic;
				CURRENT_PROJECT_VERSION = 1;
				DEVELOPMENT_TEAM = 2LK8N5HS5N;
				GENERATE_INFOPLIST_FILE = YES;
				MARKETING_VERSION = 1.0;
				PRODUCT_BUNDLE_IDENTIFIER = skopanit.FeedApiEndToEndTests;
				PRODUCT_NAME = "$(TARGET_NAME)";
				SWIFT_EMIT_LOC_STRINGS = NO;
				SWIFT_VERSION = 5.0;
				TEST_HOST = "$(BUILT_PRODUCTS_DIR)/Feed.app/Contents/MacOS/Feed";
			};
			name = Debug;
		};
		C55873E32989A7F000236C86 /* Release */ = {
			isa = XCBuildConfiguration;
			buildSettings = {
				BUNDLE_LOADER = "$(TEST_HOST)";
				CODE_SIGN_STYLE = Automatic;
				CURRENT_PROJECT_VERSION = 1;
				DEVELOPMENT_TEAM = 2LK8N5HS5N;
				GENERATE_INFOPLIST_FILE = YES;
				MARKETING_VERSION = 1.0;
				PRODUCT_BUNDLE_IDENTIFIER = skopanit.FeedApiEndToEndTests;
				PRODUCT_NAME = "$(TARGET_NAME)";
				SWIFT_EMIT_LOC_STRINGS = NO;
				SWIFT_VERSION = 5.0;
				TEST_HOST = "$(BUILT_PRODUCTS_DIR)/Feed.app/Contents/MacOS/Feed";
			};
			name = Release;
		};
		C5612806297D3B78005AC278 /* Debug */ = {
			isa = XCBuildConfiguration;
			buildSettings = {
				BUNDLE_LOADER = "$(TEST_HOST)";
				CODE_SIGN_STYLE = Manual;
				CURRENT_PROJECT_VERSION = 1;
				DEVELOPMENT_TEAM = 2LK8N5HS5N;
				GENERATE_INFOPLIST_FILE = YES;
				MARKETING_VERSION = 1.0;
				PRODUCT_BUNDLE_IDENTIFIER = skopanit.FeedTests;
				PRODUCT_NAME = "$(TARGET_NAME)";
				PROVISIONING_PROFILE_SPECIFIER = "";
				SWIFT_EMIT_LOC_STRINGS = NO;
				SWIFT_VERSION = 5.0;
				TEST_HOST = "$(BUILT_PRODUCTS_DIR)/Feed.app/Contents/MacOS/Feed";
			};
			name = Debug;
		};
		C5612807297D3B78005AC278 /* Release */ = {
			isa = XCBuildConfiguration;
			buildSettings = {
				BUNDLE_LOADER = "$(TEST_HOST)";
				CODE_SIGN_STYLE = Manual;
				CURRENT_PROJECT_VERSION = 1;
				DEVELOPMENT_TEAM = 2LK8N5HS5N;
				GENERATE_INFOPLIST_FILE = YES;
				MARKETING_VERSION = 1.0;
				PRODUCT_BUNDLE_IDENTIFIER = skopanit.FeedTests;
				PRODUCT_NAME = "$(TARGET_NAME)";
				PROVISIONING_PROFILE_SPECIFIER = "";
				SWIFT_EMIT_LOC_STRINGS = NO;
				SWIFT_VERSION = 5.0;
				TEST_HOST = "$(BUILT_PRODUCTS_DIR)/Feed.app/Contents/MacOS/Feed";
			};
			name = Release;
		};
		C58245A92979EE48005D8559 /* Debug */ = {
			isa = XCBuildConfiguration;
			buildSettings = {
				ALWAYS_SEARCH_USER_PATHS = NO;
				CLANG_ANALYZER_NONNULL = YES;
				CLANG_ANALYZER_NUMBER_OBJECT_CONVERSION = YES_AGGRESSIVE;
				CLANG_CXX_LANGUAGE_STANDARD = "gnu++17";
				CLANG_CXX_LIBRARY = "libc++";
				CLANG_ENABLE_MODULES = YES;
				CLANG_ENABLE_OBJC_ARC = YES;
				CLANG_ENABLE_OBJC_WEAK = YES;
				CLANG_WARN_BLOCK_CAPTURE_AUTORELEASING = YES;
				CLANG_WARN_BOOL_CONVERSION = YES;
				CLANG_WARN_COMMA = YES;
				CLANG_WARN_CONSTANT_CONVERSION = YES;
				CLANG_WARN_DEPRECATED_OBJC_IMPLEMENTATIONS = YES;
				CLANG_WARN_DIRECT_OBJC_ISA_USAGE = YES_ERROR;
				CLANG_WARN_DOCUMENTATION_COMMENTS = YES;
				CLANG_WARN_EMPTY_BODY = YES;
				CLANG_WARN_ENUM_CONVERSION = YES;
				CLANG_WARN_INFINITE_RECURSION = YES;
				CLANG_WARN_INT_CONVERSION = YES;
				CLANG_WARN_NON_LITERAL_NULL_CONVERSION = YES;
				CLANG_WARN_OBJC_IMPLICIT_RETAIN_SELF = YES;
				CLANG_WARN_OBJC_LITERAL_CONVERSION = YES;
				CLANG_WARN_OBJC_ROOT_CLASS = YES_ERROR;
				CLANG_WARN_QUOTED_INCLUDE_IN_FRAMEWORK_HEADER = YES;
				CLANG_WARN_RANGE_LOOP_ANALYSIS = YES;
				CLANG_WARN_STRICT_PROTOTYPES = YES;
				CLANG_WARN_SUSPICIOUS_MOVE = YES;
				CLANG_WARN_UNGUARDED_AVAILABILITY = YES_AGGRESSIVE;
				CLANG_WARN_UNREACHABLE_CODE = YES;
				CLANG_WARN__DUPLICATE_METHOD_MATCH = YES;
				COPY_PHASE_STRIP = NO;
				DEBUG_INFORMATION_FORMAT = dwarf;
				ENABLE_STRICT_OBJC_MSGSEND = YES;
				ENABLE_TESTABILITY = YES;
				GCC_C_LANGUAGE_STANDARD = gnu11;
				GCC_DYNAMIC_NO_PIC = NO;
				GCC_NO_COMMON_BLOCKS = YES;
				GCC_OPTIMIZATION_LEVEL = 0;
				GCC_PREPROCESSOR_DEFINITIONS = (
					"DEBUG=1",
					"$(inherited)",
				);
				GCC_WARN_64_TO_32_BIT_CONVERSION = YES;
				GCC_WARN_ABOUT_RETURN_TYPE = YES_ERROR;
				GCC_WARN_UNDECLARED_SELECTOR = YES;
				GCC_WARN_UNINITIALIZED_AUTOS = YES_AGGRESSIVE;
				GCC_WARN_UNUSED_FUNCTION = YES;
				GCC_WARN_UNUSED_VARIABLE = YES;
				MACOSX_DEPLOYMENT_TARGET = 11.6;
				MTL_ENABLE_DEBUG_INFO = INCLUDE_SOURCE;
				MTL_FAST_MATH = YES;
				ONLY_ACTIVE_ARCH = YES;
				SDKROOT = macosx;
				SWIFT_ACTIVE_COMPILATION_CONDITIONS = DEBUG;
				SWIFT_OPTIMIZATION_LEVEL = "-Onone";
			};
			name = Debug;
		};
		C58245AA2979EE48005D8559 /* Release */ = {
			isa = XCBuildConfiguration;
			buildSettings = {
				ALWAYS_SEARCH_USER_PATHS = NO;
				CLANG_ANALYZER_NONNULL = YES;
				CLANG_ANALYZER_NUMBER_OBJECT_CONVERSION = YES_AGGRESSIVE;
				CLANG_CXX_LANGUAGE_STANDARD = "gnu++17";
				CLANG_CXX_LIBRARY = "libc++";
				CLANG_ENABLE_MODULES = YES;
				CLANG_ENABLE_OBJC_ARC = YES;
				CLANG_ENABLE_OBJC_WEAK = YES;
				CLANG_WARN_BLOCK_CAPTURE_AUTORELEASING = YES;
				CLANG_WARN_BOOL_CONVERSION = YES;
				CLANG_WARN_COMMA = YES;
				CLANG_WARN_CONSTANT_CONVERSION = YES;
				CLANG_WARN_DEPRECATED_OBJC_IMPLEMENTATIONS = YES;
				CLANG_WARN_DIRECT_OBJC_ISA_USAGE = YES_ERROR;
				CLANG_WARN_DOCUMENTATION_COMMENTS = YES;
				CLANG_WARN_EMPTY_BODY = YES;
				CLANG_WARN_ENUM_CONVERSION = YES;
				CLANG_WARN_INFINITE_RECURSION = YES;
				CLANG_WARN_INT_CONVERSION = YES;
				CLANG_WARN_NON_LITERAL_NULL_CONVERSION = YES;
				CLANG_WARN_OBJC_IMPLICIT_RETAIN_SELF = YES;
				CLANG_WARN_OBJC_LITERAL_CONVERSION = YES;
				CLANG_WARN_OBJC_ROOT_CLASS = YES_ERROR;
				CLANG_WARN_QUOTED_INCLUDE_IN_FRAMEWORK_HEADER = YES;
				CLANG_WARN_RANGE_LOOP_ANALYSIS = YES;
				CLANG_WARN_STRICT_PROTOTYPES = YES;
				CLANG_WARN_SUSPICIOUS_MOVE = YES;
				CLANG_WARN_UNGUARDED_AVAILABILITY = YES_AGGRESSIVE;
				CLANG_WARN_UNREACHABLE_CODE = YES;
				CLANG_WARN__DUPLICATE_METHOD_MATCH = YES;
				COPY_PHASE_STRIP = NO;
				DEBUG_INFORMATION_FORMAT = "dwarf-with-dsym";
				ENABLE_NS_ASSERTIONS = NO;
				ENABLE_STRICT_OBJC_MSGSEND = YES;
				GCC_C_LANGUAGE_STANDARD = gnu11;
				GCC_NO_COMMON_BLOCKS = YES;
				GCC_WARN_64_TO_32_BIT_CONVERSION = YES;
				GCC_WARN_ABOUT_RETURN_TYPE = YES_ERROR;
				GCC_WARN_UNDECLARED_SELECTOR = YES;
				GCC_WARN_UNINITIALIZED_AUTOS = YES_AGGRESSIVE;
				GCC_WARN_UNUSED_FUNCTION = YES;
				GCC_WARN_UNUSED_VARIABLE = YES;
				MACOSX_DEPLOYMENT_TARGET = 11.6;
				MTL_ENABLE_DEBUG_INFO = NO;
				MTL_FAST_MATH = YES;
				SDKROOT = macosx;
				SWIFT_COMPILATION_MODE = wholemodule;
				SWIFT_OPTIMIZATION_LEVEL = "-O";
			};
			name = Release;
		};
		C58245AC2979EE48005D8559 /* Debug */ = {
			isa = XCBuildConfiguration;
			buildSettings = {
				ASSETCATALOG_COMPILER_APPICON_NAME = AppIcon;
				ASSETCATALOG_COMPILER_GLOBAL_ACCENT_COLOR_NAME = AccentColor;
				CODE_SIGN_ENTITLEMENTS = Feed/Feed.entitlements;
				CODE_SIGN_STYLE = Automatic;
				COMBINE_HIDPI_IMAGES = YES;
				CURRENT_PROJECT_VERSION = 1;
				DEVELOPMENT_TEAM = 2LK8N5HS5N;
				ENABLE_HARDENED_RUNTIME = YES;
				GENERATE_INFOPLIST_FILE = YES;
				INFOPLIST_FILE = Feed/Info.plist;
				INFOPLIST_KEY_NSHumanReadableCopyright = "";
				INFOPLIST_KEY_NSMainStoryboardFile = Main;
				INFOPLIST_KEY_NSPrincipalClass = NSApplication;
				LD_RUNPATH_SEARCH_PATHS = (
					"$(inherited)",
					"@executable_path/../Frameworks",
				);
				MARKETING_VERSION = 1.0;
				PRODUCT_BUNDLE_IDENTIFIER = skopanit.Feed;
				PRODUCT_NAME = "$(TARGET_NAME)";
				SWIFT_EMIT_LOC_STRINGS = YES;
				SWIFT_VERSION = 5.0;
			};
			name = Debug;
		};
		C58245AD2979EE48005D8559 /* Release */ = {
			isa = XCBuildConfiguration;
			buildSettings = {
				ASSETCATALOG_COMPILER_APPICON_NAME = AppIcon;
				ASSETCATALOG_COMPILER_GLOBAL_ACCENT_COLOR_NAME = AccentColor;
				CODE_SIGN_ENTITLEMENTS = Feed/Feed.entitlements;
				CODE_SIGN_STYLE = Automatic;
				COMBINE_HIDPI_IMAGES = YES;
				CURRENT_PROJECT_VERSION = 1;
				DEVELOPMENT_TEAM = 2LK8N5HS5N;
				ENABLE_HARDENED_RUNTIME = YES;
				GENERATE_INFOPLIST_FILE = YES;
				INFOPLIST_FILE = Feed/Info.plist;
				INFOPLIST_KEY_NSHumanReadableCopyright = "";
				INFOPLIST_KEY_NSMainStoryboardFile = Main;
				INFOPLIST_KEY_NSPrincipalClass = NSApplication;
				LD_RUNPATH_SEARCH_PATHS = (
					"$(inherited)",
					"@executable_path/../Frameworks",
				);
				MARKETING_VERSION = 1.0;
				PRODUCT_BUNDLE_IDENTIFIER = skopanit.Feed;
				PRODUCT_NAME = "$(TARGET_NAME)";
				SWIFT_EMIT_LOC_STRINGS = YES;
				SWIFT_VERSION = 5.0;
			};
			name = Release;
		};
/* End XCBuildConfiguration section */

/* Begin XCConfigurationList section */
		C55873E42989A7F000236C86 /* Build configuration list for PBXNativeTarget "FeedApiEndToEndTests" */ = {
			isa = XCConfigurationList;
			buildConfigurations = (
				C55873E22989A7F000236C86 /* Debug */,
				C55873E32989A7F000236C86 /* Release */,
			);
			defaultConfigurationIsVisible = 0;
			defaultConfigurationName = Release;
		};
		C5612808297D3B78005AC278 /* Build configuration list for PBXNativeTarget "FeedTests" */ = {
			isa = XCConfigurationList;
			buildConfigurations = (
				C5612806297D3B78005AC278 /* Debug */,
				C5612807297D3B78005AC278 /* Release */,
			);
			defaultConfigurationIsVisible = 0;
			defaultConfigurationName = Release;
		};
		C58245972979EE41005D8559 /* Build configuration list for PBXProject "Feed" */ = {
			isa = XCConfigurationList;
			buildConfigurations = (
				C58245A92979EE48005D8559 /* Debug */,
				C58245AA2979EE48005D8559 /* Release */,
			);
			defaultConfigurationIsVisible = 0;
			defaultConfigurationName = Release;
		};
		C58245AB2979EE48005D8559 /* Build configuration list for PBXNativeTarget "Feed" */ = {
			isa = XCConfigurationList;
			buildConfigurations = (
				C58245AC2979EE48005D8559 /* Debug */,
				C58245AD2979EE48005D8559 /* Release */,
			);
			defaultConfigurationIsVisible = 0;
			defaultConfigurationName = Release;
		};
/* End XCConfigurationList section */
	};
	rootObject = C58245942979EE41005D8559 /* Project object */;
}
